
Microsoft Visual Studio Solution File, Format Version 12.00
# Visual Studio Version 16
VisualStudioVersion = 16.0.28803.202
MinimumVisualStudioVersion = 10.0.40219.1
Project("{8BC9CEB8-8B4A-11D0-8D11-00A0C91BC942}") = "q14-lambda", "q14-lambda\q14-lambda.vcxproj", "{AD30039D-8149-483E-951E-0257114819BA}"
EndProject
Global
	GlobalSection(SolutionConfigurationPlatforms) = preSolution
		Debug|x64 = Debug|x64
		Debug|x86 = Debug|x86
		Release|x64 = Release|x64
		Release|x86 = Release|x86
	EndGlobalSection
	GlobalSection(ProjectConfigurationPlatforms) = postSolution
		{AD30039D-8149-483E-951E-0257114819BA}.Debug|x64.ActiveCfg = Debug|x64
		{AD30039D-8149-483E-951E-0257114819BA}.Debug|x64.Build.0 = Debug|x64
		{AD30039D-8149-483E-951E-0257114819BA}.Debug|x86.ActiveCfg = Debug|Win32
		{AD30039D-8149-483E-951E-0257114819BA}.Debug|x86.Build.0 = Debug|Win32
		{AD30039D-8149-483E-951E-0257114819BA}.Release|x64.ActiveCfg = Release|x64
		{AD30039D-8149-483E-951E-0257114819BA}.Release|x64.Build.0 = Release|x64
		{AD30039D-8149-483E-951E-0257114819BA}.Release|x86.ActiveCfg = Release|Win32
		{AD30039D-8149-483E-951E-0257114819BA}.Release|x86.Build.0 = Release|Win32
	EndGlobalSection
	GlobalSection(SolutionProperties) = preSolution
		HideSolutionNode = FALSE
	EndGlobalSection
	GlobalSection(ExtensibilityGlobals) = postSolution
		SolutionGuid = {3A444ACA-8C0F-49A5-8BB3-077C97D64F6F}
	EndGlobalSection
EndGlobal
