
Microsoft Visual Studio Solution File, Format Version 12.00
# Visual Studio Version 16
VisualStudioVersion = 16.0.28803.352
MinimumVisualStudioVersion = 10.0.40219.1
Project("{8BC9CEB8-8B4A-11D0-8D11-00A0C91BC942}") = "q24-server", "q24-server\q24-server.vcxproj", "{E966FD0A-D28F-49C3-93D5-2B3E5E76BA56}"
EndProject
Global
	GlobalSection(SolutionConfigurationPlatforms) = preSolution
		Debug|x64 = Debug|x64
		Debug|x86 = Debug|x86
		Release|x64 = Release|x64
		Release|x86 = Release|x86
	EndGlobalSection
	GlobalSection(ProjectConfigurationPlatforms) = postSolution
		{E966FD0A-D28F-49C3-93D5-2B3E5E76BA56}.Debug|x64.ActiveCfg = Debug|x64
		{E966FD0A-D28F-49C3-93D5-2B3E5E76BA56}.Debug|x64.Build.0 = Debug|x64
		{E966FD0A-D28F-49C3-93D5-2B3E5E76BA56}.Debug|x86.ActiveCfg = Debug|Win32
		{E966FD0A-D28F-49C3-93D5-2B3E5E76BA56}.Debug|x86.Build.0 = Debug|Win32
		{E966FD0A-D28F-49C3-93D5-2B3E5E76BA56}.Release|x64.ActiveCfg = Release|x64
		{E966FD0A-D28F-49C3-93D5-2B3E5E76BA56}.Release|x64.Build.0 = Release|x64
		{E966FD0A-D28F-49C3-93D5-2B3E5E76BA56}.Release|x86.ActiveCfg = Release|Win32
		{E966FD0A-D28F-49C3-93D5-2B3E5E76BA56}.Release|x86.Build.0 = Release|Win32
	EndGlobalSection
	GlobalSection(SolutionProperties) = preSolution
		HideSolutionNode = FALSE
	EndGlobalSection
	GlobalSection(ExtensibilityGlobals) = postSolution
		SolutionGuid = {02E2B704-2F57-4CED-BE32-F79F7E8D78A6}
	EndGlobalSection
EndGlobal
