
Microsoft Visual Studio Solution File, Format Version 12.00
# Visual Studio Version 16
VisualStudioVersion = 16.0.28803.352
MinimumVisualStudioVersion = 10.0.40219.1
Project("{8BC9CEB8-8B4A-11D0-8D11-00A0C91BC942}") = "q20-weak_ptr", "q20-weak_ptr\q20-weak_ptr.vcxproj", "{CA6A3EB5-A926-4AD0-AF7A-3B251B75F07A}"
EndProject
Global
	GlobalSection(SolutionConfigurationPlatforms) = preSolution
		Debug|x64 = Debug|x64
		Debug|x86 = Debug|x86
		Release|x64 = Release|x64
		Release|x86 = Release|x86
	EndGlobalSection
	GlobalSection(ProjectConfigurationPlatforms) = postSolution
		{CA6A3EB5-A926-4AD0-AF7A-3B251B75F07A}.Debug|x64.ActiveCfg = Debug|x64
		{CA6A3EB5-A926-4AD0-AF7A-3B251B75F07A}.Debug|x64.Build.0 = Debug|x64
		{CA6A3EB5-A926-4AD0-AF7A-3B251B75F07A}.Debug|x86.ActiveCfg = Debug|Win32
		{CA6A3EB5-A926-4AD0-AF7A-3B251B75F07A}.Debug|x86.Build.0 = Debug|Win32
		{CA6A3EB5-A926-4AD0-AF7A-3B251B75F07A}.Release|x64.ActiveCfg = Release|x64
		{CA6A3EB5-A926-4AD0-AF7A-3B251B75F07A}.Release|x64.Build.0 = Release|x64
		{CA6A3EB5-A926-4AD0-AF7A-3B251B75F07A}.Release|x86.ActiveCfg = Release|Win32
		{CA6A3EB5-A926-4AD0-AF7A-3B251B75F07A}.Release|x86.Build.0 = Release|Win32
	EndGlobalSection
	GlobalSection(SolutionProperties) = preSolution
		HideSolutionNode = FALSE
	EndGlobalSection
	GlobalSection(ExtensibilityGlobals) = postSolution
		SolutionGuid = {53642572-010A-42D5-B791-37D102838A0C}
	EndGlobalSection
EndGlobal
